
Microsoft Visual Studio Solution File, Format Version 12.00
# Visual Studio 15
VisualStudioVersion = 15.0.28307.705
MinimumVisualStudioVersion = 10.0.40219.1
Project("{FAE04EC0-301F-11D3-BF4B-00C04F79EFBC}") = "Sales_Tax", "Sales_Tax\Sales_Tax.csproj", "{38D01C35-9B2D-4803-B18B-2557E8CE554C}"
EndProject
Global
	GlobalSection(SolutionConfigurationPlatforms) = preSolution
		Debug|Any CPU = Debug|Any CPU
		Release|Any CPU = Release|Any CPU
	EndGlobalSection
	GlobalSection(ProjectConfigurationPlatforms) = postSolution
		{38D01C35-9B2D-4803-B18B-2557E8CE554C}.Debug|Any CPU.ActiveCfg = Debug|Any CPU
		{38D01C35-9B2D-4803-B18B-2557E8CE554C}.Debug|Any CPU.Build.0 = Debug|Any CPU
		{38D01C35-9B2D-4803-B18B-2557E8CE554C}.Release|Any CPU.ActiveCfg = Release|Any CPU
		{38D01C35-9B2D-4803-B18B-2557E8CE554C}.Release|Any CPU.Build.0 = Release|Any CPU
	EndGlobalSection
	GlobalSection(SolutionProperties) = preSolution
		HideSolutionNode = FALSE
	EndGlobalSection
	GlobalSection(ExtensibilityGlobals) = postSolution
		SolutionGuid = {C607BC3A-4EBB-43C4-9383-880474BA5EAF}
	EndGlobalSection
EndGlobal
